{
  "object": {
    "pins": [
      {
        "package": "Alamofire",
        "repositoryURL": "https://github.com/Alamofire/Alamofire.git",
        "state": {
          "branch": null,
          "revision": "b02c4ee7f1659090f7ac543c022f922beeb04bc6",
          "version": "5.0.2"
        }
      },
      {
        "package": "Introspect",
        "repositoryURL": "https://github.com/timbersoftware/SwiftUI-Introspect.git",
        "state": {
          "branch": null,
          "revision": "732316ac5957675eac2ed8ef9c0a5b95a353f9ff",
          "version": "0.0.6"
        }
      }
    ]
  },
  "version": 1
}
