// !$*UTF8*$!
{
	archiveVersion = 1;
	classes = {
	};
	objectVersion = 52;
	objects = {

/* Begin PBXBuildFile section */
		640093062435CCAF007193B4 /* TimerView.swift in Sources */ = {isa = PBXBuildFile; fileRef = 640093052435CCAF007193B4 /* TimerView.swift */; };
		6402BBBD2414CBD80061FB58 /* WorkoutState.swift in Sources */ = {isa = PBXBuildFile; fileRef = 6402BBBC2414CBD80061FB58 /* WorkoutState.swift */; };
		64038282241A35BF0000C17C /* Alamofire in Frameworks */ = {isa = PBXBuildFile; productRef = 64038281241A35BF0000C17C /* Alamofire */; };
		6405131A241635E300DDC3D7 /* MapKit.framework in Frameworks */ = {isa = PBXBuildFile; fileRef = 64051319241635E300DDC3D7 /* MapKit.framework */; };
		6405131F24163A8900DDC3D7 /* SignInWithAppleView.swift in Sources */ = {isa = PBXBuildFile; fileRef = 6405131E24163A8900DDC3D7 /* SignInWithAppleView.swift */; };
		640BC8A6241E0D5200B99E90 /* User.swift in Sources */ = {isa = PBXBuildFile; fileRef = 640BC8A5241E0D5200B99E90 /* User.swift */; };
		6411FD9F242733D3003D49BF /* Utils.swift in Sources */ = {isa = PBXBuildFile; fileRef = 6411FD9E242733D3003D49BF /* Utils.swift */; };
		641A85692459271E00E6499F /* ChildSizeReader.swift in Sources */ = {isa = PBXBuildFile; fileRef = 641A85682459271E00E6499F /* ChildSizeReader.swift */; };
		641E3FCF24316B27005C71A3 /* Transitions.swift in Sources */ = {isa = PBXBuildFile; fileRef = 641E3FCE24316B27005C71A3 /* Transitions.swift */; };
		642675AF22C0A44F008E07A1 /* PaginatedResponse.swift in Sources */ = {isa = PBXBuildFile; fileRef = 642675AE22C0A44F008E07A1 /* PaginatedResponse.swift */; };
		642675B122C0A48D008E07A1 /* Workout.swift in Sources */ = {isa = PBXBuildFile; fileRef = 642675B022C0A48D008E07A1 /* Workout.swift */; };
		642CC998245BBC91000BFCDB /* AnteriorPath.swift in Sources */ = {isa = PBXBuildFile; fileRef = 642CC997245BBC91000BFCDB /* AnteriorPath.swift */; };
		642CC99A245BBD4F000BFCDB /* PosteriorPath.swift in Sources */ = {isa = PBXBuildFile; fileRef = 642CC999245BBD4F000BFCDB /* PosteriorPath.swift */; };
		642DA77922B71279002F49AE /* MapView.swift in Sources */ = {isa = PBXBuildFile; fileRef = 642DA77822B71279002F49AE /* MapView.swift */; };
		6436BACB2457744C002BFB07 /* ExerciseDictionary.swift in Sources */ = {isa = PBXBuildFile; fileRef = 6436BACA2457744C002BFB07 /* ExerciseDictionary.swift */; };
		6444E163245B59F40000D21D /* AnteriorView.swift in Sources */ = {isa = PBXBuildFile; fileRef = 6444E162245B59F40000D21D /* AnteriorView.swift */; };
		644E3364240CE26200458438 /* UserFeedView.swift in Sources */ = {isa = PBXBuildFile; fileRef = 644E3363240CE26200458438 /* UserFeedView.swift */; };
		64615A95242581AF0098ED5A /* ExerciseEditView.swift in Sources */ = {isa = PBXBuildFile; fileRef = 64615A94242581AF0098ED5A /* ExerciseEditView.swift */; };
		64615A972425983F0098ED5A /* FancyLoader.swift in Sources */ = {isa = PBXBuildFile; fileRef = 64615A962425983F0098ED5A /* FancyLoader.swift */; };
		6484887B24786DA10093B3C5 /* WorkoutEditView.swift in Sources */ = {isa = PBXBuildFile; fileRef = 6484887A24786DA10093B3C5 /* WorkoutEditView.swift */; };
		6487770824746DCE00223A7E /* EditorUserProfileView.swift in Sources */ = {isa = PBXBuildFile; fileRef = 6487770724746DCE00223A7E /* EditorUserProfileView.swift */; };
		6487770E247489A100223A7E /* AuthAPI.swift in Sources */ = {isa = PBXBuildFile; fileRef = 6487770D247489A100223A7E /* AuthAPI.swift */; };
		64877710247489C800223A7E /* UserAPI.swift in Sources */ = {isa = PBXBuildFile; fileRef = 6487770F247489C800223A7E /* UserAPI.swift */; };
		64877712247489F700223A7E /* WorkoutAPI.swift in Sources */ = {isa = PBXBuildFile; fileRef = 64877711247489F700223A7E /* WorkoutAPI.swift */; };
		6487771424748A2100223A7E /* ExerciseAPI.swift in Sources */ = {isa = PBXBuildFile; fileRef = 6487771324748A2100223A7E /* ExerciseAPI.swift */; };
		6487771624748A4F00223A7E /* ExerciseDictionaryAPI.swift in Sources */ = {isa = PBXBuildFile; fileRef = 6487771524748A4F00223A7E /* ExerciseDictionaryAPI.swift */; };
		6487771824748A7E00223A7E /* MetricsAPI.swift in Sources */ = {isa = PBXBuildFile; fileRef = 6487771724748A7E00223A7E /* MetricsAPI.swift */; };
		6487771B2474911B00223A7E /* StringExtensions.swift in Sources */ = {isa = PBXBuildFile; fileRef = 6487771A2474911B00223A7E /* StringExtensions.swift */; };
		6487771D2474913900223A7E /* FloatExtensions.swift in Sources */ = {isa = PBXBuildFile; fileRef = 6487771C2474913900223A7E /* FloatExtensions.swift */; };
		6487771F2474915400223A7E /* TextExtensions.swift in Sources */ = {isa = PBXBuildFile; fileRef = 6487771E2474915400223A7E /* TextExtensions.swift */; };
		648777212474916900223A7E /* ColorExtensions.swift in Sources */ = {isa = PBXBuildFile; fileRef = 648777202474916900223A7E /* ColorExtensions.swift */; };
		648777232474918D00223A7E /* DateExtensions.swift in Sources */ = {isa = PBXBuildFile; fileRef = 648777222474918D00223A7E /* DateExtensions.swift */; };
		64877725247491A500223A7E /* CGExtensions.swift in Sources */ = {isa = PBXBuildFile; fileRef = 64877724247491A500223A7E /* CGExtensions.swift */; };
		64877727247491C400223A7E /* UIBezierPathExtensions.swift in Sources */ = {isa = PBXBuildFile; fileRef = 64877726247491C400223A7E /* UIBezierPathExtensions.swift */; };
		64877729247491DD00223A7E /* BindingExtensions.swift in Sources */ = {isa = PBXBuildFile; fileRef = 64877728247491DD00223A7E /* BindingExtensions.swift */; };
		6487772B247496BA00223A7E /* RouteState.swift in Sources */ = {isa = PBXBuildFile; fileRef = 6487772A247496BA00223A7E /* RouteState.swift */; };
		648E853324763C3C00D7F502 /* CircleButtonView.swift in Sources */ = {isa = PBXBuildFile; fileRef = 648E853224763C3C00D7F502 /* CircleButtonView.swift */; };
		6494A01622B6139900C19543 /* AppDelegate.swift in Sources */ = {isa = PBXBuildFile; fileRef = 6494A01522B6139900C19543 /* AppDelegate.swift */; };
		6494A01822B6139900C19543 /* SceneDelegate.swift in Sources */ = {isa = PBXBuildFile; fileRef = 6494A01722B6139900C19543 /* SceneDelegate.swift */; };
		6494A01A22B6139900C19543 /* WorkoutView.swift in Sources */ = {isa = PBXBuildFile; fileRef = 6494A01922B6139900C19543 /* WorkoutView.swift */; };
		6494A01C22B6139B00C19543 /* Assets.xcassets in Resources */ = {isa = PBXBuildFile; fileRef = 6494A01B22B6139B00C19543 /* Assets.xcassets */; };
		6494A01F22B6139B00C19543 /* Preview Assets.xcassets in Resources */ = {isa = PBXBuildFile; fileRef = 6494A01E22B6139B00C19543 /* Preview Assets.xcassets */; };
		6494A02222B6139B00C19543 /* LaunchScreen.storyboard in Resources */ = {isa = PBXBuildFile; fileRef = 6494A02022B6139B00C19543 /* LaunchScreen.storyboard */; };
		6494A02D22B6139B00C19543 /* clientTests.swift in Sources */ = {isa = PBXBuildFile; fileRef = 6494A02C22B6139B00C19543 /* clientTests.swift */; };
		6494A03822B6139B00C19543 /* clientUITests.swift in Sources */ = {isa = PBXBuildFile; fileRef = 6494A03722B6139B00C19543 /* clientUITests.swift */; };
		6498A98D24122355005BB19F /* Config.swift in Sources */ = {isa = PBXBuildFile; fileRef = 6498A98C24122355005BB19F /* Config.swift */; };
		6499C7EB2417561500743CDD /* MainView.swift in Sources */ = {isa = PBXBuildFile; fileRef = 6499C7EA2417561500743CDD /* MainView.swift */; };
		649A4917240670BC003206C3 /* ExerciseView.swift in Sources */ = {isa = PBXBuildFile; fileRef = 649A4916240670BC003206C3 /* ExerciseView.swift */; };
		649A491924067561003206C3 /* StopWatch.swift in Sources */ = {isa = PBXBuildFile; fileRef = 649A491824067561003206C3 /* StopWatch.swift */; };
		649CBE8F22B6D84500D23DD6 /* CircleProfileImage.swift in Sources */ = {isa = PBXBuildFile; fileRef = 649CBE8E22B6D84500D23DD6 /* CircleProfileImage.swift */; };
		64A33393245C1E2F0071E3AF /* PosteriorView.swift in Sources */ = {isa = PBXBuildFile; fileRef = 64A33392245C1E2F0071E3AF /* PosteriorView.swift */; };
		64A33395245CCD150071E3AF /* Muscle.swift in Sources */ = {isa = PBXBuildFile; fileRef = 64A33394245CCD150071E3AF /* Muscle.swift */; };
		64A93D9524232DA000B73B95 /* ActivityIndicator.swift in Sources */ = {isa = PBXBuildFile; fileRef = 64A93D9424232DA000B73B95 /* ActivityIndicator.swift */; };
		64A9956F241EE3DC006716CA /* JWTDecode in Frameworks */ = {isa = PBXBuildFile; productRef = 64A9956E241EE3DC006716CA /* JWTDecode */; };
		64D41A7524639125003D231A /* SubscriptionFeedView.swift in Sources */ = {isa = PBXBuildFile; fileRef = 64D41A7424639125003D231A /* SubscriptionFeedView.swift */; };
		64D41A772463E783003D231A /* IconViews.swift in Sources */ = {isa = PBXBuildFile; fileRef = 64D41A762463E783003D231A /* IconViews.swift */; };
		64E06CC82352F6E0005AC1D8 /* WorkoutCreateView.swift in Sources */ = {isa = PBXBuildFile; fileRef = 64E06CC72352F6E0005AC1D8 /* WorkoutCreateView.swift */; };
		64E5D6D22475B30B00E565D4 /* Promises in Frameworks */ = {isa = PBXBuildFile; productRef = 64E5D6D12475B30B00E565D4 /* Promises */; };
		64E5D6D52475B35E00E565D4 /* Kingfisher in Frameworks */ = {isa = PBXBuildFile; productRef = 64E5D6D42475B35E00E565D4 /* Kingfisher */; };
		64EB72E524692FEE0074A7CC /* Metrics.swift in Sources */ = {isa = PBXBuildFile; fileRef = 64EB72E424692FEE0074A7CC /* Metrics.swift */; };
		64ECDD402474B3AA0094973C /* ImagePickerView.swift in Sources */ = {isa = PBXBuildFile; fileRef = 64ECDD3F2474B3AA0094973C /* ImagePickerView.swift */; };
		64ED7EDC246E48730059377E /* HelpView.swift in Sources */ = {isa = PBXBuildFile; fileRef = 64ED7EDB246E48730059377E /* HelpView.swift */; };
		64F033312465E051009B90E6 /* TrackableScrollView.swift in Sources */ = {isa = PBXBuildFile; fileRef = 64F033302465E051009B90E6 /* TrackableScrollView.swift */; };
		64F03333246623C9009B90E6 /* BlurView.swift in Sources */ = {isa = PBXBuildFile; fileRef = 64F03332246623C9009B90E6 /* BlurView.swift */; };
		64F0529D243FBD38004D24E6 /* ViewModifiers.swift in Sources */ = {isa = PBXBuildFile; fileRef = 64F0529C243FBD38004D24E6 /* ViewModifiers.swift */; };
		64F499FC23E8031E003ADB62 /* Introspect in Frameworks */ = {isa = PBXBuildFile; productRef = 64F499FB23E8031E003ADB62 /* Introspect */; };
		64FD08262421C5B1000F1479 /* WebAPI.swift in Sources */ = {isa = PBXBuildFile; fileRef = 64FD08252421C5B1000F1479 /* WebAPI.swift */; };
/* End PBXBuildFile section */

/* Begin PBXContainerItemProxy section */
		6494A02922B6139B00C19543 /* PBXContainerItemProxy */ = {
			isa = PBXContainerItemProxy;
			containerPortal = 6494A00A22B6139900C19543 /* Project object */;
			proxyType = 1;
			remoteGlobalIDString = 6494A01122B6139900C19543;
			remoteInfo = client;
		};
		6494A03422B6139B00C19543 /* PBXContainerItemProxy */ = {
			isa = PBXContainerItemProxy;
			containerPortal = 6494A00A22B6139900C19543 /* Project object */;
			proxyType = 1;
			remoteGlobalIDString = 6494A01122B6139900C19543;
			remoteInfo = client;
		};
/* End PBXContainerItemProxy section */

/* Begin PBXFileReference section */
		640093052435CCAF007193B4 /* TimerView.swift */ = {isa = PBXFileReference; lastKnownFileType = sourcecode.swift; path = TimerView.swift; sourceTree = "<group>"; };
		6402BBBC2414CBD80061FB58 /* WorkoutState.swift */ = {isa = PBXFileReference; lastKnownFileType = sourcecode.swift; path = WorkoutState.swift; sourceTree = "<group>"; };
		64051319241635E300DDC3D7 /* MapKit.framework */ = {isa = PBXFileReference; lastKnownFileType = wrapper.framework; name = MapKit.framework; path = System/Library/Frameworks/MapKit.framework; sourceTree = SDKROOT; };
		6405131B2416364D00DDC3D7 /* client.entitlements */ = {isa = PBXFileReference; lastKnownFileType = text.plist.entitlements; path = client.entitlements; sourceTree = "<group>"; };
		6405131E24163A8900DDC3D7 /* SignInWithAppleView.swift */ = {isa = PBXFileReference; lastKnownFileType = sourcecode.swift; path = SignInWithAppleView.swift; sourceTree = "<group>"; };
		640BC8A5241E0D5200B99E90 /* User.swift */ = {isa = PBXFileReference; lastKnownFileType = sourcecode.swift; path = User.swift; sourceTree = "<group>"; };
		6411FD9E242733D3003D49BF /* Utils.swift */ = {isa = PBXFileReference; lastKnownFileType = sourcecode.swift; path = Utils.swift; sourceTree = "<group>"; };
		641A85682459271E00E6499F /* ChildSizeReader.swift */ = {isa = PBXFileReference; lastKnownFileType = sourcecode.swift; path = ChildSizeReader.swift; sourceTree = "<group>"; };
		641E3FCE24316B27005C71A3 /* Transitions.swift */ = {isa = PBXFileReference; lastKnownFileType = sourcecode.swift; path = Transitions.swift; sourceTree = "<group>"; };
		642675AE22C0A44F008E07A1 /* PaginatedResponse.swift */ = {isa = PBXFileReference; lastKnownFileType = sourcecode.swift; path = PaginatedResponse.swift; sourceTree = "<group>"; };
		642675B022C0A48D008E07A1 /* Workout.swift */ = {isa = PBXFileReference; lastKnownFileType = sourcecode.swift; path = Workout.swift; sourceTree = "<group>"; };
		642CC997245BBC91000BFCDB /* AnteriorPath.swift */ = {isa = PBXFileReference; lastKnownFileType = sourcecode.swift; path = AnteriorPath.swift; sourceTree = "<group>"; };
		642CC999245BBD4F000BFCDB /* PosteriorPath.swift */ = {isa = PBXFileReference; lastKnownFileType = sourcecode.swift; path = PosteriorPath.swift; sourceTree = "<group>"; };
		642DA77822B71279002F49AE /* MapView.swift */ = {isa = PBXFileReference; lastKnownFileType = sourcecode.swift; path = MapView.swift; sourceTree = "<group>"; };
		6436BACA2457744C002BFB07 /* ExerciseDictionary.swift */ = {isa = PBXFileReference; lastKnownFileType = sourcecode.swift; path = ExerciseDictionary.swift; sourceTree = "<group>"; };
		6444E162245B59F40000D21D /* AnteriorView.swift */ = {isa = PBXFileReference; lastKnownFileType = sourcecode.swift; path = AnteriorView.swift; sourceTree = "<group>"; };
		644E3363240CE26200458438 /* UserFeedView.swift */ = {isa = PBXFileReference; lastKnownFileType = sourcecode.swift; path = UserFeedView.swift; sourceTree = "<group>"; };
		64615A94242581AF0098ED5A /* ExerciseEditView.swift */ = {isa = PBXFileReference; lastKnownFileType = sourcecode.swift; path = ExerciseEditView.swift; sourceTree = "<group>"; };
		64615A962425983F0098ED5A /* FancyLoader.swift */ = {isa = PBXFileReference; lastKnownFileType = sourcecode.swift; path = FancyLoader.swift; sourceTree = "<group>"; };
		6484887A24786DA10093B3C5 /* WorkoutEditView.swift */ = {isa = PBXFileReference; lastKnownFileType = sourcecode.swift; path = WorkoutEditView.swift; sourceTree = "<group>"; };
		6487770724746DCE00223A7E /* EditorUserProfileView.swift */ = {isa = PBXFileReference; lastKnownFileType = sourcecode.swift; path = EditorUserProfileView.swift; sourceTree = "<group>"; };
		6487770D247489A100223A7E /* AuthAPI.swift */ = {isa = PBXFileReference; lastKnownFileType = sourcecode.swift; path = AuthAPI.swift; sourceTree = "<group>"; };
		6487770F247489C800223A7E /* UserAPI.swift */ = {isa = PBXFileReference; lastKnownFileType = sourcecode.swift; path = UserAPI.swift; sourceTree = "<group>"; };
		64877711247489F700223A7E /* WorkoutAPI.swift */ = {isa = PBXFileReference; lastKnownFileType = sourcecode.swift; path = WorkoutAPI.swift; sourceTree = "<group>"; };
		6487771324748A2100223A7E /* ExerciseAPI.swift */ = {isa = PBXFileReference; lastKnownFileType = sourcecode.swift; path = ExerciseAPI.swift; sourceTree = "<group>"; };
		6487771524748A4F00223A7E /* ExerciseDictionaryAPI.swift */ = {isa = PBXFileReference; lastKnownFileType = sourcecode.swift; path = ExerciseDictionaryAPI.swift; sourceTree = "<group>"; };
		6487771724748A7E00223A7E /* MetricsAPI.swift */ = {isa = PBXFileReference; lastKnownFileType = sourcecode.swift; path = MetricsAPI.swift; sourceTree = "<group>"; };
		6487771A2474911B00223A7E /* StringExtensions.swift */ = {isa = PBXFileReference; lastKnownFileType = sourcecode.swift; path = StringExtensions.swift; sourceTree = "<group>"; };
		6487771C2474913900223A7E /* FloatExtensions.swift */ = {isa = PBXFileReference; lastKnownFileType = sourcecode.swift; path = FloatExtensions.swift; sourceTree = "<group>"; };
		6487771E2474915400223A7E /* TextExtensions.swift */ = {isa = PBXFileReference; lastKnownFileType = sourcecode.swift; path = TextExtensions.swift; sourceTree = "<group>"; };
		648777202474916900223A7E /* ColorExtensions.swift */ = {isa = PBXFileReference; lastKnownFileType = sourcecode.swift; path = ColorExtensions.swift; sourceTree = "<group>"; };
		648777222474918D00223A7E /* DateExtensions.swift */ = {isa = PBXFileReference; lastKnownFileType = sourcecode.swift; path = DateExtensions.swift; sourceTree = "<group>"; };
		64877724247491A500223A7E /* CGExtensions.swift */ = {isa = PBXFileReference; lastKnownFileType = sourcecode.swift; path = CGExtensions.swift; sourceTree = "<group>"; };
		64877726247491C400223A7E /* UIBezierPathExtensions.swift */ = {isa = PBXFileReference; lastKnownFileType = sourcecode.swift; path = UIBezierPathExtensions.swift; sourceTree = "<group>"; };
		64877728247491DD00223A7E /* BindingExtensions.swift */ = {isa = PBXFileReference; lastKnownFileType = sourcecode.swift; path = BindingExtensions.swift; sourceTree = "<group>"; };
		6487772A247496BA00223A7E /* RouteState.swift */ = {isa = PBXFileReference; lastKnownFileType = sourcecode.swift; path = RouteState.swift; sourceTree = "<group>"; };
		648E853224763C3C00D7F502 /* CircleButtonView.swift */ = {isa = PBXFileReference; lastKnownFileType = sourcecode.swift; path = CircleButtonView.swift; sourceTree = "<group>"; };
		6494A01222B6139900C19543 /* client.app */ = {isa = PBXFileReference; explicitFileType = wrapper.application; includeInIndex = 0; path = client.app; sourceTree = BUILT_PRODUCTS_DIR; };
		6494A01522B6139900C19543 /* AppDelegate.swift */ = {isa = PBXFileReference; lastKnownFileType = sourcecode.swift; path = AppDelegate.swift; sourceTree = "<group>"; };
		6494A01722B6139900C19543 /* SceneDelegate.swift */ = {isa = PBXFileReference; lastKnownFileType = sourcecode.swift; path = SceneDelegate.swift; sourceTree = "<group>"; };
		6494A01922B6139900C19543 /* WorkoutView.swift */ = {isa = PBXFileReference; lastKnownFileType = sourcecode.swift; path = WorkoutView.swift; sourceTree = "<group>"; wrapsLines = 1; };
		6494A01B22B6139B00C19543 /* Assets.xcassets */ = {isa = PBXFileReference; lastKnownFileType = folder.assetcatalog; path = Assets.xcassets; sourceTree = "<group>"; };
		6494A01E22B6139B00C19543 /* Preview Assets.xcassets */ = {isa = PBXFileReference; lastKnownFileType = folder.assetcatalog; path = "Preview Assets.xcassets"; sourceTree = "<group>"; };
		6494A02122B6139B00C19543 /* Base */ = {isa = PBXFileReference; lastKnownFileType = file.storyboard; name = Base; path = Base.lproj/LaunchScreen.storyboard; sourceTree = "<group>"; };
		6494A02322B6139B00C19543 /* Info.plist */ = {isa = PBXFileReference; lastKnownFileType = text.plist.xml; path = Info.plist; sourceTree = "<group>"; };
		6494A02822B6139B00C19543 /* clientTests.xctest */ = {isa = PBXFileReference; explicitFileType = wrapper.cfbundle; includeInIndex = 0; path = clientTests.xctest; sourceTree = BUILT_PRODUCTS_DIR; };
		6494A02C22B6139B00C19543 /* clientTests.swift */ = {isa = PBXFileReference; lastKnownFileType = sourcecode.swift; path = clientTests.swift; sourceTree = "<group>"; };
		6494A02E22B6139B00C19543 /* Info.plist */ = {isa = PBXFileReference; lastKnownFileType = text.plist.xml; path = Info.plist; sourceTree = "<group>"; };
		6494A03322B6139B00C19543 /* clientUITests.xctest */ = {isa = PBXFileReference; explicitFileType = wrapper.cfbundle; includeInIndex = 0; path = clientUITests.xctest; sourceTree = BUILT_PRODUCTS_DIR; };
		6494A03722B6139B00C19543 /* clientUITests.swift */ = {isa = PBXFileReference; lastKnownFileType = sourcecode.swift; path = clientUITests.swift; sourceTree = "<group>"; };
		6494A03922B6139B00C19543 /* Info.plist */ = {isa = PBXFileReference; lastKnownFileType = text.plist.xml; path = Info.plist; sourceTree = "<group>"; };
		6498A98C24122355005BB19F /* Config.swift */ = {isa = PBXFileReference; lastKnownFileType = sourcecode.swift; path = Config.swift; sourceTree = "<group>"; };
		6499C7EA2417561500743CDD /* MainView.swift */ = {isa = PBXFileReference; lastKnownFileType = sourcecode.swift; path = MainView.swift; sourceTree = "<group>"; };
		649A4916240670BC003206C3 /* ExerciseView.swift */ = {isa = PBXFileReference; lastKnownFileType = sourcecode.swift; path = ExerciseView.swift; sourceTree = "<group>"; };
		649A491824067561003206C3 /* StopWatch.swift */ = {isa = PBXFileReference; lastKnownFileType = sourcecode.swift; path = StopWatch.swift; sourceTree = "<group>"; };
		649CBE8E22B6D84500D23DD6 /* CircleProfileImage.swift */ = {isa = PBXFileReference; lastKnownFileType = sourcecode.swift; path = CircleProfileImage.swift; sourceTree = "<group>"; };
		64A33392245C1E2F0071E3AF /* PosteriorView.swift */ = {isa = PBXFileReference; lastKnownFileType = sourcecode.swift; path = PosteriorView.swift; sourceTree = "<group>"; };
		64A33394245CCD150071E3AF /* Muscle.swift */ = {isa = PBXFileReference; lastKnownFileType = sourcecode.swift; path = Muscle.swift; sourceTree = "<group>"; };
		64A93D9424232DA000B73B95 /* ActivityIndicator.swift */ = {isa = PBXFileReference; lastKnownFileType = sourcecode.swift; path = ActivityIndicator.swift; sourceTree = "<group>"; };
		64D41A7424639125003D231A /* SubscriptionFeedView.swift */ = {isa = PBXFileReference; lastKnownFileType = sourcecode.swift; path = SubscriptionFeedView.swift; sourceTree = "<group>"; };
		64D41A762463E783003D231A /* IconViews.swift */ = {isa = PBXFileReference; lastKnownFileType = sourcecode.swift; path = IconViews.swift; sourceTree = "<group>"; };
		64E06CC72352F6E0005AC1D8 /* WorkoutCreateView.swift */ = {isa = PBXFileReference; lastKnownFileType = sourcecode.swift; path = WorkoutCreateView.swift; sourceTree = "<group>"; };
		64EB72E424692FEE0074A7CC /* Metrics.swift */ = {isa = PBXFileReference; lastKnownFileType = sourcecode.swift; path = Metrics.swift; sourceTree = "<group>"; };
		64ECDD3F2474B3AA0094973C /* ImagePickerView.swift */ = {isa = PBXFileReference; lastKnownFileType = sourcecode.swift; path = ImagePickerView.swift; sourceTree = "<group>"; };
		64ED7EDB246E48730059377E /* HelpView.swift */ = {isa = PBXFileReference; lastKnownFileType = sourcecode.swift; path = HelpView.swift; sourceTree = "<group>"; };
		64F033302465E051009B90E6 /* TrackableScrollView.swift */ = {isa = PBXFileReference; lastKnownFileType = sourcecode.swift; path = TrackableScrollView.swift; sourceTree = "<group>"; };
		64F03332246623C9009B90E6 /* BlurView.swift */ = {isa = PBXFileReference; lastKnownFileType = sourcecode.swift; path = BlurView.swift; sourceTree = "<group>"; };
		64F0529C243FBD38004D24E6 /* ViewModifiers.swift */ = {isa = PBXFileReference; lastKnownFileType = sourcecode.swift; path = ViewModifiers.swift; sourceTree = "<group>"; };
		64FD08252421C5B1000F1479 /* WebAPI.swift */ = {isa = PBXFileReference; lastKnownFileType = sourcecode.swift; path = WebAPI.swift; sourceTree = "<group>"; };
/* End PBXFileReference section */

/* Begin PBXFrameworksBuildPhase section */
		6494A00F22B6139900C19543 /* Frameworks */ = {
			isa = PBXFrameworksBuildPhase;
			buildActionMask = 2147483647;
			files = (
				64E5D6D52475B35E00E565D4 /* Kingfisher in Frameworks */,
				64038282241A35BF0000C17C /* Alamofire in Frameworks */,
				6405131A241635E300DDC3D7 /* MapKit.framework in Frameworks */,
				64A9956F241EE3DC006716CA /* JWTDecode in Frameworks */,
				64E5D6D22475B30B00E565D4 /* Promises in Frameworks */,
				64F499FC23E8031E003ADB62 /* Introspect in Frameworks */,
			);
			runOnlyForDeploymentPostprocessing = 0;
		};
		6494A02522B6139B00C19543 /* Frameworks */ = {
			isa = PBXFrameworksBuildPhase;
			buildActionMask = 2147483647;
			files = (
			);
			runOnlyForDeploymentPostprocessing = 0;
		};
		6494A03022B6139B00C19543 /* Frameworks */ = {
			isa = PBXFrameworksBuildPhase;
			buildActionMask = 2147483647;
			files = (
			);
			runOnlyForDeploymentPostprocessing = 0;
		};
/* End PBXFrameworksBuildPhase section */

/* Begin PBXGroup section */
		64051318241635E300DDC3D7 /* Frameworks */ = {
			isa = PBXGroup;
			children = (
				64051319241635E300DDC3D7 /* MapKit.framework */,
			);
			name = Frameworks;
			sourceTree = "<group>";
		};
		642675AD22C0A425008E07A1 /* Models */ = {
			isa = PBXGroup;
			children = (
				642675AE22C0A44F008E07A1 /* PaginatedResponse.swift */,
				642675B022C0A48D008E07A1 /* Workout.swift */,
				6402BBBC2414CBD80061FB58 /* WorkoutState.swift */,
				640BC8A5241E0D5200B99E90 /* User.swift */,
				6436BACA2457744C002BFB07 /* ExerciseDictionary.swift */,
				64EB72E424692FEE0074A7CC /* Metrics.swift */,
				6487772A247496BA00223A7E /* RouteState.swift */,
			);
			path = Models;
			sourceTree = "<group>";
		};
		6427B321247776A40067B894 /* Workout Views */ = {
			isa = PBXGroup;
			children = (
				64615A94242581AF0098ED5A /* ExerciseEditView.swift */,
				649A4916240670BC003206C3 /* ExerciseView.swift */,
				64E06CC72352F6E0005AC1D8 /* WorkoutCreateView.swift */,
				6484887A24786DA10093B3C5 /* WorkoutEditView.swift */,
				6494A01922B6139900C19543 /* WorkoutView.swift */,
			);
			path = "Workout Views";
			sourceTree = "<group>";
		};
		648777092474889500223A7E /* Kinesiology */ = {
			isa = PBXGroup;
			children = (
				64A33394245CCD150071E3AF /* Muscle.swift */,
				642CC997245BBC91000BFCDB /* AnteriorPath.swift */,
				6444E162245B59F40000D21D /* AnteriorView.swift */,
				642CC999245BBD4F000BFCDB /* PosteriorPath.swift */,
				64A33392245C1E2F0071E3AF /* PosteriorView.swift */,
			);
			path = Kinesiology;
			sourceTree = "<group>";
		};
		6487770A2474894800223A7E /* API */ = {
			isa = PBXGroup;
			children = (
				6487770D247489A100223A7E /* AuthAPI.swift */,
				6487771324748A2100223A7E /* ExerciseAPI.swift */,
				6487771524748A4F00223A7E /* ExerciseDictionaryAPI.swift */,
				6487771724748A7E00223A7E /* MetricsAPI.swift */,
				6487770F247489C800223A7E /* UserAPI.swift */,
				64FD08252421C5B1000F1479 /* WebAPI.swift */,
				64877711247489F700223A7E /* WorkoutAPI.swift */,
			);
			path = API;
			sourceTree = "<group>";
		};
		64877719247490E200223A7E /* Extensions */ = {
			isa = PBXGroup;
			children = (
				64877728247491DD00223A7E /* BindingExtensions.swift */,
				64877724247491A500223A7E /* CGExtensions.swift */,
				648777202474916900223A7E /* ColorExtensions.swift */,
				648777222474918D00223A7E /* DateExtensions.swift */,
				6487771C2474913900223A7E /* FloatExtensions.swift */,
				6487771A2474911B00223A7E /* StringExtensions.swift */,
				6487771E2474915400223A7E /* TextExtensions.swift */,
				64877726247491C400223A7E /* UIBezierPathExtensions.swift */,
			);
			path = Extensions;
			sourceTree = "<group>";
		};
		6494A00922B6139900C19543 = {
			isa = PBXGroup;
			children = (
				6494A01422B6139900C19543 /* client */,
				6494A02B22B6139B00C19543 /* clientTests */,
				6494A03622B6139B00C19543 /* clientUITests */,
				64051318241635E300DDC3D7 /* Frameworks */,
				6494A01322B6139900C19543 /* Products */,
			);
			sourceTree = "<group>";
		};
		6494A01322B6139900C19543 /* Products */ = {
			isa = PBXGroup;
			children = (
				6494A01222B6139900C19543 /* client.app */,
				6494A02822B6139B00C19543 /* clientTests.xctest */,
				6494A03322B6139B00C19543 /* clientUITests.xctest */,
			);
			name = Products;
			sourceTree = "<group>";
		};
		6494A01422B6139900C19543 /* client */ = {
			isa = PBXGroup;
			children = (
				6405131B2416364D00DDC3D7 /* client.entitlements */,
				6494A02322B6139B00C19543 /* Info.plist */,
				64A93D9424232DA000B73B95 /* ActivityIndicator.swift */,
				64F03332246623C9009B90E6 /* BlurView.swift */,
				641A85682459271E00E6499F /* ChildSizeReader.swift */,
				648E853224763C3C00D7F502 /* CircleButtonView.swift */,
				649CBE8E22B6D84500D23DD6 /* CircleProfileImage.swift */,
				6498A98C24122355005BB19F /* Config.swift */,
				6487770724746DCE00223A7E /* EditorUserProfileView.swift */,
				64615A962425983F0098ED5A /* FancyLoader.swift */,
				64ED7EDB246E48730059377E /* HelpView.swift */,
				64D41A762463E783003D231A /* IconViews.swift */,
				64ECDD3F2474B3AA0094973C /* ImagePickerView.swift */,
				6499C7EA2417561500743CDD /* MainView.swift */,
				642DA77822B71279002F49AE /* MapView.swift */,
				6405131E24163A8900DDC3D7 /* SignInWithAppleView.swift */,
				649A491824067561003206C3 /* StopWatch.swift */,
				64D41A7424639125003D231A /* SubscriptionFeedView.swift */,
				640093052435CCAF007193B4 /* TimerView.swift */,
				64F033302465E051009B90E6 /* TrackableScrollView.swift */,
				641E3FCE24316B27005C71A3 /* Transitions.swift */,
				644E3363240CE26200458438 /* UserFeedView.swift */,
				6411FD9E242733D3003D49BF /* Utils.swift */,
				64F0529C243FBD38004D24E6 /* ViewModifiers.swift */,
				6487770A2474894800223A7E /* API */,
				64877719247490E200223A7E /* Extensions */,
				648777092474889500223A7E /* Kinesiology */,
				642675AD22C0A425008E07A1 /* Models */,
				6427B321247776A40067B894 /* Workout Views */,
				6494A01D22B6139B00C19543 /* Preview Content */,
				6494A04522B6142D00C19543 /* Supporting Files */,
			);
			path = client;
			sourceTree = "<group>";
		};
		6494A01D22B6139B00C19543 /* Preview Content */ = {
			isa = PBXGroup;
			children = (
				6494A01E22B6139B00C19543 /* Preview Assets.xcassets */,
			);
			path = "Preview Content";
			sourceTree = "<group>";
		};
		6494A02B22B6139B00C19543 /* clientTests */ = {
			isa = PBXGroup;
			children = (
				6494A02C22B6139B00C19543 /* clientTests.swift */,
				6494A02E22B6139B00C19543 /* Info.plist */,
			);
			path = clientTests;
			sourceTree = "<group>";
		};
		6494A03622B6139B00C19543 /* clientUITests */ = {
			isa = PBXGroup;
			children = (
				6494A03722B6139B00C19543 /* clientUITests.swift */,
				6494A03922B6139B00C19543 /* Info.plist */,
			);
			path = clientUITests;
			sourceTree = "<group>";
		};
		6494A04522B6142D00C19543 /* Supporting Files */ = {
			isa = PBXGroup;
			children = (
				6494A02022B6139B00C19543 /* LaunchScreen.storyboard */,
				6494A01B22B6139B00C19543 /* Assets.xcassets */,
				6494A01522B6139900C19543 /* AppDelegate.swift */,
				6494A01722B6139900C19543 /* SceneDelegate.swift */,
			);
			path = "Supporting Files";
			sourceTree = "<group>";
		};
/* End PBXGroup section */

/* Begin PBXNativeTarget section */
		6494A01122B6139900C19543 /* client */ = {
			isa = PBXNativeTarget;
			buildConfigurationList = 6494A03C22B6139B00C19543 /* Build configuration list for PBXNativeTarget "client" */;
			buildPhases = (
				6494A00E22B6139900C19543 /* Sources */,
				6494A00F22B6139900C19543 /* Frameworks */,
				6494A01022B6139900C19543 /* Resources */,
			);
			buildRules = (
			);
			dependencies = (
			);
			name = client;
			packageProductDependencies = (
				64F499FB23E8031E003ADB62 /* Introspect */,
				64038281241A35BF0000C17C /* Alamofire */,
				64A9956E241EE3DC006716CA /* JWTDecode */,
				64E5D6D12475B30B00E565D4 /* Promises */,
				64E5D6D42475B35E00E565D4 /* Kingfisher */,
			);
			productName = client;
			productReference = 6494A01222B6139900C19543 /* client.app */;
			productType = "com.apple.product-type.application";
		};
		6494A02722B6139B00C19543 /* clientTests */ = {
			isa = PBXNativeTarget;
			buildConfigurationList = 6494A03F22B6139B00C19543 /* Build configuration list for PBXNativeTarget "clientTests" */;
			buildPhases = (
				6494A02422B6139B00C19543 /* Sources */,
				6494A02522B6139B00C19543 /* Frameworks */,
				6494A02622B6139B00C19543 /* Resources */,
			);
			buildRules = (
			);
			dependencies = (
				6494A02A22B6139B00C19543 /* PBXTargetDependency */,
			);
			name = clientTests;
			productName = clientTests;
			productReference = 6494A02822B6139B00C19543 /* clientTests.xctest */;
			productType = "com.apple.product-type.bundle.unit-test";
		};
		6494A03222B6139B00C19543 /* clientUITests */ = {
			isa = PBXNativeTarget;
			buildConfigurationList = 6494A04222B6139B00C19543 /* Build configuration list for PBXNativeTarget "clientUITests" */;
			buildPhases = (
				6494A02F22B6139B00C19543 /* Sources */,
				6494A03022B6139B00C19543 /* Frameworks */,
				6494A03122B6139B00C19543 /* Resources */,
			);
			buildRules = (
			);
			dependencies = (
				6494A03522B6139B00C19543 /* PBXTargetDependency */,
			);
			name = clientUITests;
			productName = clientUITests;
			productReference = 6494A03322B6139B00C19543 /* clientUITests.xctest */;
			productType = "com.apple.product-type.bundle.ui-testing";
		};
/* End PBXNativeTarget section */

/* Begin PBXProject section */
		6494A00A22B6139900C19543 /* Project object */ = {
			isa = PBXProject;
			attributes = {
				LastSwiftUpdateCheck = 1100;
				LastUpgradeCheck = 1100;
				ORGANIZATIONNAME = "Nadir Muzaffar";
				TargetAttributes = {
					6494A01122B6139900C19543 = {
						CreatedOnToolsVersion = 11.0;
					};
					6494A02722B6139B00C19543 = {
						CreatedOnToolsVersion = 11.0;
						TestTargetID = 6494A01122B6139900C19543;
					};
					6494A03222B6139B00C19543 = {
						CreatedOnToolsVersion = 11.0;
						TestTargetID = 6494A01122B6139900C19543;
					};
				};
			};
			buildConfigurationList = 6494A00D22B6139900C19543 /* Build configuration list for PBXProject "client" */;
			compatibilityVersion = "Xcode 9.3";
			developmentRegion = en;
			hasScannedForEncodings = 0;
			knownRegions = (
				en,
				Base,
			);
			mainGroup = 6494A00922B6139900C19543;
			packageReferences = (
				64F499FA23E8031E003ADB62 /* XCRemoteSwiftPackageReference "SwiftUI-Introspect" */,
				64038280241A35BF0000C17C /* XCRemoteSwiftPackageReference "Alamofire" */,
				64A9956D241EE3DC006716CA /* XCRemoteSwiftPackageReference "JWTDecode.swift" */,
				64E5D6D02475B30B00E565D4 /* XCRemoteSwiftPackageReference "promises" */,
				64E5D6D32475B35E00E565D4 /* XCRemoteSwiftPackageReference "Kingfisher" */,
			);
			productRefGroup = 6494A01322B6139900C19543 /* Products */;
			projectDirPath = "";
			projectRoot = "";
			targets = (
				6494A01122B6139900C19543 /* client */,
				6494A02722B6139B00C19543 /* clientTests */,
				6494A03222B6139B00C19543 /* clientUITests */,
			);
		};
/* End PBXProject section */

/* Begin PBXResourcesBuildPhase section */
		6494A01022B6139900C19543 /* Resources */ = {
			isa = PBXResourcesBuildPhase;
			buildActionMask = 2147483647;
			files = (
				6494A02222B6139B00C19543 /* LaunchScreen.storyboard in Resources */,
				6494A01F22B6139B00C19543 /* Preview Assets.xcassets in Resources */,
				6494A01C22B6139B00C19543 /* Assets.xcassets in Resources */,
			);
			runOnlyForDeploymentPostprocessing = 0;
		};
		6494A02622B6139B00C19543 /* Resources */ = {
			isa = PBXResourcesBuildPhase;
			buildActionMask = 2147483647;
			files = (
			);
			runOnlyForDeploymentPostprocessing = 0;
		};
		6494A03122B6139B00C19543 /* Resources */ = {
			isa = PBXResourcesBuildPhase;
			buildActionMask = 2147483647;
			files = (
			);
			runOnlyForDeploymentPostprocessing = 0;
		};
/* End PBXResourcesBuildPhase section */

/* Begin PBXSourcesBuildPhase section */
		6494A00E22B6139900C19543 /* Sources */ = {
			isa = PBXSourcesBuildPhase;
			buildActionMask = 2147483647;
			files = (
				6487770E247489A100223A7E /* AuthAPI.swift in Sources */,
				6487771624748A4F00223A7E /* ExerciseDictionaryAPI.swift in Sources */,
				6494A01622B6139900C19543 /* AppDelegate.swift in Sources */,
				64ECDD402474B3AA0094973C /* ImagePickerView.swift in Sources */,
				642CC99A245BBD4F000BFCDB /* PosteriorPath.swift in Sources */,
				6487771F2474915400223A7E /* TextExtensions.swift in Sources */,
				648777212474916900223A7E /* ColorExtensions.swift in Sources */,
				6487771D2474913900223A7E /* FloatExtensions.swift in Sources */,
				64D41A772463E783003D231A /* IconViews.swift in Sources */,
				644E3364240CE26200458438 /* UserFeedView.swift in Sources */,
				649A491924067561003206C3 /* StopWatch.swift in Sources */,
				648777232474918D00223A7E /* DateExtensions.swift in Sources */,
				649CBE8F22B6D84500D23DD6 /* CircleProfileImage.swift in Sources */,
				6436BACB2457744C002BFB07 /* ExerciseDictionary.swift in Sources */,
				649A4917240670BC003206C3 /* ExerciseView.swift in Sources */,
				64877727247491C400223A7E /* UIBezierPathExtensions.swift in Sources */,
				64877725247491A500223A7E /* CGExtensions.swift in Sources */,
				6498A98D24122355005BB19F /* Config.swift in Sources */,
				648E853324763C3C00D7F502 /* CircleButtonView.swift in Sources */,
				6487771B2474911B00223A7E /* StringExtensions.swift in Sources */,
				6411FD9F242733D3003D49BF /* Utils.swift in Sources */,
				64ED7EDC246E48730059377E /* HelpView.swift in Sources */,
				640BC8A6241E0D5200B99E90 /* User.swift in Sources */,
				6487771424748A2100223A7E /* ExerciseAPI.swift in Sources */,
				640093062435CCAF007193B4 /* TimerView.swift in Sources */,
				642DA77922B71279002F49AE /* MapView.swift in Sources */,
				64615A972425983F0098ED5A /* FancyLoader.swift in Sources */,
				6487772B247496BA00223A7E /* RouteState.swift in Sources */,
				6484887B24786DA10093B3C5 /* WorkoutEditView.swift in Sources */,
				64615A95242581AF0098ED5A /* ExerciseEditView.swift in Sources */,
				64877712247489F700223A7E /* WorkoutAPI.swift in Sources */,
				64F03333246623C9009B90E6 /* BlurView.swift in Sources */,
				6487771824748A7E00223A7E /* MetricsAPI.swift in Sources */,
				64D41A7524639125003D231A /* SubscriptionFeedView.swift in Sources */,
				64877729247491DD00223A7E /* BindingExtensions.swift in Sources */,
				64A33393245C1E2F0071E3AF /* PosteriorView.swift in Sources */,
				642CC998245BBC91000BFCDB /* AnteriorPath.swift in Sources */,
				64A33395245CCD150071E3AF /* Muscle.swift in Sources */,
				642675B122C0A48D008E07A1 /* Workout.swift in Sources */,
				6499C7EB2417561500743CDD /* MainView.swift in Sources */,
				6402BBBD2414CBD80061FB58 /* WorkoutState.swift in Sources */,
				6405131F24163A8900DDC3D7 /* SignInWithAppleView.swift in Sources */,
				64FD08262421C5B1000F1479 /* WebAPI.swift in Sources */,
				64E06CC82352F6E0005AC1D8 /* WorkoutCreateView.swift in Sources */,
				6444E163245B59F40000D21D /* AnteriorView.swift in Sources */,
				6494A01822B6139900C19543 /* SceneDelegate.swift in Sources */,
				641A85692459271E00E6499F /* ChildSizeReader.swift in Sources */,
				6487770824746DCE00223A7E /* EditorUserProfileView.swift in Sources */,
				64F033312465E051009B90E6 /* TrackableScrollView.swift in Sources */,
				642675AF22C0A44F008E07A1 /* PaginatedResponse.swift in Sources */,
				64EB72E524692FEE0074A7CC /* Metrics.swift in Sources */,
				64A93D9524232DA000B73B95 /* ActivityIndicator.swift in Sources */,
				64F0529D243FBD38004D24E6 /* ViewModifiers.swift in Sources */,
				6494A01A22B6139900C19543 /* WorkoutView.swift in Sources */,
				641E3FCF24316B27005C71A3 /* Transitions.swift in Sources */,
				64877710247489C800223A7E /* UserAPI.swift in Sources */,
			);
			runOnlyForDeploymentPostprocessing = 0;
		};
		6494A02422B6139B00C19543 /* Sources */ = {
			isa = PBXSourcesBuildPhase;
			buildActionMask = 2147483647;
			files = (
				6494A02D22B6139B00C19543 /* clientTests.swift in Sources */,
			);
			runOnlyForDeploymentPostprocessing = 0;
		};
		6494A02F22B6139B00C19543 /* Sources */ = {
			isa = PBXSourcesBuildPhase;
			buildActionMask = 2147483647;
			files = (
				6494A03822B6139B00C19543 /* clientUITests.swift in Sources */,
			);
			runOnlyForDeploymentPostprocessing = 0;
		};
/* End PBXSourcesBuildPhase section */

/* Begin PBXTargetDependency section */
		6494A02A22B6139B00C19543 /* PBXTargetDependency */ = {
			isa = PBXTargetDependency;
			target = 6494A01122B6139900C19543 /* client */;
			targetProxy = 6494A02922B6139B00C19543 /* PBXContainerItemProxy */;
		};
		6494A03522B6139B00C19543 /* PBXTargetDependency */ = {
			isa = PBXTargetDependency;
			target = 6494A01122B6139900C19543 /* client */;
			targetProxy = 6494A03422B6139B00C19543 /* PBXContainerItemProxy */;
		};
/* End PBXTargetDependency section */

/* Begin PBXVariantGroup section */
		6494A02022B6139B00C19543 /* LaunchScreen.storyboard */ = {
			isa = PBXVariantGroup;
			children = (
				6494A02122B6139B00C19543 /* Base */,
			);
			name = LaunchScreen.storyboard;
			sourceTree = "<group>";
		};
/* End PBXVariantGroup section */

/* Begin XCBuildConfiguration section */
		6494A03A22B6139B00C19543 /* Debug */ = {
			isa = XCBuildConfiguration;
			buildSettings = {
				ALWAYS_SEARCH_USER_PATHS = NO;
				CLANG_ANALYZER_NONNULL = YES;
				CLANG_ANALYZER_NUMBER_OBJECT_CONVERSION = YES_AGGRESSIVE;
				CLANG_CXX_LANGUAGE_STANDARD = "gnu++14";
				CLANG_CXX_LIBRARY = "libc++";
				CLANG_ENABLE_MODULES = YES;
				CLANG_ENABLE_OBJC_ARC = YES;
				CLANG_ENABLE_OBJC_WEAK = YES;
				CLANG_WARN_BLOCK_CAPTURE_AUTORELEASING = YES;
				CLANG_WARN_BOOL_CONVERSION = YES;
				CLANG_WARN_COMMA = YES;
				CLANG_WARN_CONSTANT_CONVERSION = YES;
				CLANG_WARN_DEPRECATED_OBJC_IMPLEMENTATIONS = YES;
				CLANG_WARN_DIRECT_OBJC_ISA_USAGE = YES_ERROR;
				CLANG_WARN_DOCUMENTATION_COMMENTS = YES;
				CLANG_WARN_EMPTY_BODY = YES;
				CLANG_WARN_ENUM_CONVERSION = YES;
				CLANG_WARN_INFINITE_RECURSION = YES;
				CLANG_WARN_INT_CONVERSION = YES;
				CLANG_WARN_NON_LITERAL_NULL_CONVERSION = YES;
				CLANG_WARN_OBJC_IMPLICIT_RETAIN_SELF = YES;
				CLANG_WARN_OBJC_LITERAL_CONVERSION = YES;
				CLANG_WARN_OBJC_ROOT_CLASS = YES_ERROR;
				CLANG_WARN_RANGE_LOOP_ANALYSIS = YES;
				CLANG_WARN_STRICT_PROTOTYPES = YES;
				CLANG_WARN_SUSPICIOUS_MOVE = YES;
				CLANG_WARN_UNGUARDED_AVAILABILITY = YES_AGGRESSIVE;
				CLANG_WARN_UNREACHABLE_CODE = YES;
				CLANG_WARN__DUPLICATE_METHOD_MATCH = YES;
				COPY_PHASE_STRIP = NO;
				DEBUG_INFORMATION_FORMAT = dwarf;
				ENABLE_STRICT_OBJC_MSGSEND = YES;
				ENABLE_TESTABILITY = YES;
				GCC_C_LANGUAGE_STANDARD = gnu11;
				GCC_DYNAMIC_NO_PIC = NO;
				GCC_NO_COMMON_BLOCKS = YES;
				GCC_OPTIMIZATION_LEVEL = 0;
				GCC_PREPROCESSOR_DEFINITIONS = (
					"DEBUG=1",
					"$(inherited)",
				);
				GCC_WARN_64_TO_32_BIT_CONVERSION = YES;
				GCC_WARN_ABOUT_RETURN_TYPE = YES_ERROR;
				GCC_WARN_UNDECLARED_SELECTOR = YES;
				GCC_WARN_UNINITIALIZED_AUTOS = YES_AGGRESSIVE;
				GCC_WARN_UNUSED_FUNCTION = YES;
				GCC_WARN_UNUSED_VARIABLE = YES;
				IPHONEOS_DEPLOYMENT_TARGET = 13.0;
				MTL_ENABLE_DEBUG_INFO = INCLUDE_SOURCE;
				MTL_FAST_MATH = YES;
				ONLY_ACTIVE_ARCH = YES;
				SDKROOT = iphoneos;
				SWIFT_ACTIVE_COMPILATION_CONDITIONS = DEBUG;
				SWIFT_OPTIMIZATION_LEVEL = "-Onone";
			};
			name = Debug;
		};
		6494A03B22B6139B00C19543 /* Release */ = {
			isa = XCBuildConfiguration;
			buildSettings = {
				ALWAYS_SEARCH_USER_PATHS = NO;
				CLANG_ANALYZER_NONNULL = YES;
				CLANG_ANALYZER_NUMBER_OBJECT_CONVERSION = YES_AGGRESSIVE;
				CLANG_CXX_LANGUAGE_STANDARD = "gnu++14";
				CLANG_CXX_LIBRARY = "libc++";
				CLANG_ENABLE_MODULES = YES;
				CLANG_ENABLE_OBJC_ARC = YES;
				CLANG_ENABLE_OBJC_WEAK = YES;
				CLANG_WARN_BLOCK_CAPTURE_AUTORELEASING = YES;
				CLANG_WARN_BOOL_CONVERSION = YES;
				CLANG_WARN_COMMA = YES;
				CLANG_WARN_CONSTANT_CONVERSION = YES;
				CLANG_WARN_DEPRECATED_OBJC_IMPLEMENTATIONS = YES;
				CLANG_WARN_DIRECT_OBJC_ISA_USAGE = YES_ERROR;
				CLANG_WARN_DOCUMENTATION_COMMENTS = YES;
				CLANG_WARN_EMPTY_BODY = YES;
				CLANG_WARN_ENUM_CONVERSION = YES;
				CLANG_WARN_INFINITE_RECURSION = YES;
				CLANG_WARN_INT_CONVERSION = YES;
				CLANG_WARN_NON_LITERAL_NULL_CONVERSION = YES;
				CLANG_WARN_OBJC_IMPLICIT_RETAIN_SELF = YES;
				CLANG_WARN_OBJC_LITERAL_CONVERSION = YES;
				CLANG_WARN_OBJC_ROOT_CLASS = YES_ERROR;
				CLANG_WARN_RANGE_LOOP_ANALYSIS = YES;
				CLANG_WARN_STRICT_PROTOTYPES = YES;
				CLANG_WARN_SUSPICIOUS_MOVE = YES;
				CLANG_WARN_UNGUARDED_AVAILABILITY = YES_AGGRESSIVE;
				CLANG_WARN_UNREACHABLE_CODE = YES;
				CLANG_WARN__DUPLICATE_METHOD_MATCH = YES;
				COPY_PHASE_STRIP = NO;
				DEBUG_INFORMATION_FORMAT = "dwarf-with-dsym";
				ENABLE_NS_ASSERTIONS = NO;
				ENABLE_STRICT_OBJC_MSGSEND = YES;
				GCC_C_LANGUAGE_STANDARD = gnu11;
				GCC_NO_COMMON_BLOCKS = YES;
				GCC_WARN_64_TO_32_BIT_CONVERSION = YES;
				GCC_WARN_ABOUT_RETURN_TYPE = YES_ERROR;
				GCC_WARN_UNDECLARED_SELECTOR = YES;
				GCC_WARN_UNINITIALIZED_AUTOS = YES_AGGRESSIVE;
				GCC_WARN_UNUSED_FUNCTION = YES;
				GCC_WARN_UNUSED_VARIABLE = YES;
				IPHONEOS_DEPLOYMENT_TARGET = 13.0;
				MTL_ENABLE_DEBUG_INFO = NO;
				MTL_FAST_MATH = YES;
				SDKROOT = iphoneos;
				SWIFT_COMPILATION_MODE = wholemodule;
				SWIFT_OPTIMIZATION_LEVEL = "-O";
				VALIDATE_PRODUCT = YES;
			};
			name = Release;
		};
		6494A03D22B6139B00C19543 /* Debug */ = {
			isa = XCBuildConfiguration;
			buildSettings = {
				ASSETCATALOG_COMPILER_APPICON_NAME = AppIcon;
				CODE_SIGN_ENTITLEMENTS = client/client.entitlements;
				CODE_SIGN_STYLE = Automatic;
				CURRENT_PROJECT_VERSION = 30;
				DEVELOPMENT_ASSET_PATHS = "client/Preview\\ Content";
				DEVELOPMENT_TEAM = C3HW5VXXF5;
				ENABLE_PREVIEWS = YES;
				INFOPLIST_FILE = client/Info.plist;
				LD_RUNPATH_SEARCH_PATHS = (
					"$(inherited)",
					"@executable_path/Frameworks",
				);
				MARKETING_VERSION = 1.2;
				PRODUCT_BUNDLE_IDENTIFIER = com.rydenapp;
				PRODUCT_NAME = "$(TARGET_NAME)";
				SWIFT_VERSION = 5.0;
				TARGETED_DEVICE_FAMILY = 1;
			};
			name = Debug;
		};
		6494A03E22B6139B00C19543 /* Release */ = {
			isa = XCBuildConfiguration;
			buildSettings = {
				ASSETCATALOG_COMPILER_APPICON_NAME = AppIcon;
				CODE_SIGN_ENTITLEMENTS = client/client.entitlements;
				CODE_SIGN_STYLE = Automatic;
				CURRENT_PROJECT_VERSION = 30;
				DEVELOPMENT_ASSET_PATHS = "client/Preview\\ Content";
				DEVELOPMENT_TEAM = C3HW5VXXF5;
				ENABLE_PREVIEWS = YES;
				INFOPLIST_FILE = client/Info.plist;
				LD_RUNPATH_SEARCH_PATHS = (
					"$(inherited)",
					"@executable_path/Frameworks",
				);
				MARKETING_VERSION = 1.2;
				PRODUCT_BUNDLE_IDENTIFIER = com.rydenapp;
				PRODUCT_NAME = "$(TARGET_NAME)";
				SWIFT_VERSION = 5.0;
				TARGETED_DEVICE_FAMILY = 1;
			};
			name = Release;
		};
		6494A04022B6139B00C19543 /* Debug */ = {
			isa = XCBuildConfiguration;
			buildSettings = {
				ALWAYS_EMBED_SWIFT_STANDARD_LIBRARIES = YES;
				BUNDLE_LOADER = "$(TEST_HOST)";
				CODE_SIGN_STYLE = Automatic;
				DEVELOPMENT_TEAM = C3HW5VXXF5;
				INFOPLIST_FILE = clientTests/Info.plist;
				LD_RUNPATH_SEARCH_PATHS = (
					"$(inherited)",
					"@executable_path/Frameworks",
					"@loader_path/Frameworks",
				);
				PRODUCT_BUNDLE_IDENTIFIER = workout.clientTests;
				PRODUCT_NAME = "$(TARGET_NAME)";
				SWIFT_VERSION = 5.0;
				TARGETED_DEVICE_FAMILY = "1,2";
				TEST_HOST = "$(BUILT_PRODUCTS_DIR)/client.app/client";
			};
			name = Debug;
		};
		6494A04122B6139B00C19543 /* Release */ = {
			isa = XCBuildConfiguration;
			buildSettings = {
				ALWAYS_EMBED_SWIFT_STANDARD_LIBRARIES = YES;
				BUNDLE_LOADER = "$(TEST_HOST)";
				CODE_SIGN_STYLE = Automatic;
				DEVELOPMENT_TEAM = C3HW5VXXF5;
				INFOPLIST_FILE = clientTests/Info.plist;
				LD_RUNPATH_SEARCH_PATHS = (
					"$(inherited)",
					"@executable_path/Frameworks",
					"@loader_path/Frameworks",
				);
				PRODUCT_BUNDLE_IDENTIFIER = workout.clientTests;
				PRODUCT_NAME = "$(TARGET_NAME)";
				SWIFT_VERSION = 5.0;
				TARGETED_DEVICE_FAMILY = "1,2";
				TEST_HOST = "$(BUILT_PRODUCTS_DIR)/client.app/client";
			};
			name = Release;
		};
		6494A04322B6139B00C19543 /* Debug */ = {
			isa = XCBuildConfiguration;
			buildSettings = {
				ALWAYS_EMBED_SWIFT_STANDARD_LIBRARIES = YES;
				CODE_SIGN_STYLE = Automatic;
				DEVELOPMENT_TEAM = C3HW5VXXF5;
				INFOPLIST_FILE = clientUITests/Info.plist;
				LD_RUNPATH_SEARCH_PATHS = (
					"$(inherited)",
					"@executable_path/Frameworks",
					"@loader_path/Frameworks",
				);
				PRODUCT_BUNDLE_IDENTIFIER = workout.clientUITests;
				PRODUCT_NAME = "$(TARGET_NAME)";
				SWIFT_VERSION = 5.0;
				TARGETED_DEVICE_FAMILY = "1,2";
				TEST_TARGET_NAME = client;
			};
			name = Debug;
		};
		6494A04422B6139B00C19543 /* Release */ = {
			isa = XCBuildConfiguration;
			buildSettings = {
				ALWAYS_EMBED_SWIFT_STANDARD_LIBRARIES = YES;
				CODE_SIGN_STYLE = Automatic;
				DEVELOPMENT_TEAM = C3HW5VXXF5;
				INFOPLIST_FILE = clientUITests/Info.plist;
				LD_RUNPATH_SEARCH_PATHS = (
					"$(inherited)",
					"@executable_path/Frameworks",
					"@loader_path/Frameworks",
				);
				PRODUCT_BUNDLE_IDENTIFIER = workout.clientUITests;
				PRODUCT_NAME = "$(TARGET_NAME)";
				SWIFT_VERSION = 5.0;
				TARGETED_DEVICE_FAMILY = "1,2";
				TEST_TARGET_NAME = client;
			};
			name = Release;
		};
/* End XCBuildConfiguration section */

/* Begin XCConfigurationList section */
		6494A00D22B6139900C19543 /* Build configuration list for PBXProject "client" */ = {
			isa = XCConfigurationList;
			buildConfigurations = (
				6494A03A22B6139B00C19543 /* Debug */,
				6494A03B22B6139B00C19543 /* Release */,
			);
			defaultConfigurationIsVisible = 0;
			defaultConfigurationName = Release;
		};
		6494A03C22B6139B00C19543 /* Build configuration list for PBXNativeTarget "client" */ = {
			isa = XCConfigurationList;
			buildConfigurations = (
				6494A03D22B6139B00C19543 /* Debug */,
				6494A03E22B6139B00C19543 /* Release */,
			);
			defaultConfigurationIsVisible = 0;
			defaultConfigurationName = Release;
		};
		6494A03F22B6139B00C19543 /* Build configuration list for PBXNativeTarget "clientTests" */ = {
			isa = XCConfigurationList;
			buildConfigurations = (
				6494A04022B6139B00C19543 /* Debug */,
				6494A04122B6139B00C19543 /* Release */,
			);
			defaultConfigurationIsVisible = 0;
			defaultConfigurationName = Release;
		};
		6494A04222B6139B00C19543 /* Build configuration list for PBXNativeTarget "clientUITests" */ = {
			isa = XCConfigurationList;
			buildConfigurations = (
				6494A04322B6139B00C19543 /* Debug */,
				6494A04422B6139B00C19543 /* Release */,
			);
			defaultConfigurationIsVisible = 0;
			defaultConfigurationName = Release;
		};
/* End XCConfigurationList section */

/* Begin XCRemoteSwiftPackageReference section */
		64038280241A35BF0000C17C /* XCRemoteSwiftPackageReference "Alamofire" */ = {
			isa = XCRemoteSwiftPackageReference;
			repositoryURL = "https://github.com/Alamofire/Alamofire.git";
			requirement = {
				kind = upToNextMajorVersion;
				minimumVersion = 5.0.2;
			};
		};
		64A9956D241EE3DC006716CA /* XCRemoteSwiftPackageReference "JWTDecode.swift" */ = {
			isa = XCRemoteSwiftPackageReference;
			repositoryURL = "https://github.com/auth0/JWTDecode.swift.git";
			requirement = {
				kind = upToNextMajorVersion;
				minimumVersion = 2.4.1;
			};
		};
		64E5D6D02475B30B00E565D4 /* XCRemoteSwiftPackageReference "promises" */ = {
			isa = XCRemoteSwiftPackageReference;
			repositoryURL = "https://github.com/google/promises.git";
			requirement = {
				kind = upToNextMajorVersion;
				minimumVersion = 1.2.8;
			};
		};
		64E5D6D32475B35E00E565D4 /* XCRemoteSwiftPackageReference "Kingfisher" */ = {
			isa = XCRemoteSwiftPackageReference;
			repositoryURL = "https://github.com/onevcat/Kingfisher.git";
			requirement = {
				kind = upToNextMajorVersion;
				minimumVersion = 5.14.0;
			};
		};
		64F499FA23E8031E003ADB62 /* XCRemoteSwiftPackageReference "SwiftUI-Introspect" */ = {
			isa = XCRemoteSwiftPackageReference;
			repositoryURL = "https://github.com/timbersoftware/SwiftUI-Introspect.git";
			requirement = {
				kind = upToNextMajorVersion;
				minimumVersion = 0.0.6;
			};
		};
/* End XCRemoteSwiftPackageReference section */

/* Begin XCSwiftPackageProductDependency section */
		64038281241A35BF0000C17C /* Alamofire */ = {
			isa = XCSwiftPackageProductDependency;
			package = 64038280241A35BF0000C17C /* XCRemoteSwiftPackageReference "Alamofire" */;
			productName = Alamofire;
		};
		64A9956E241EE3DC006716CA /* JWTDecode */ = {
			isa = XCSwiftPackageProductDependency;
			package = 64A9956D241EE3DC006716CA /* XCRemoteSwiftPackageReference "JWTDecode.swift" */;
			productName = JWTDecode;
		};
		64E5D6D12475B30B00E565D4 /* Promises */ = {
			isa = XCSwiftPackageProductDependency;
			package = 64E5D6D02475B30B00E565D4 /* XCRemoteSwiftPackageReference "promises" */;
			productName = Promises;
		};
		64E5D6D42475B35E00E565D4 /* Kingfisher */ = {
			isa = XCSwiftPackageProductDependency;
			package = 64E5D6D32475B35E00E565D4 /* XCRemoteSwiftPackageReference "Kingfisher" */;
			productName = Kingfisher;
		};
		64F499FB23E8031E003ADB62 /* Introspect */ = {
			isa = XCSwiftPackageProductDependency;
			package = 64F499FA23E8031E003ADB62 /* XCRemoteSwiftPackageReference "SwiftUI-Introspect" */;
			productName = Introspect;
		};
/* End XCSwiftPackageProductDependency section */
	};
	rootObject = 6494A00A22B6139900C19543 /* Project object */;
}
